
Microsoft Visual Studio Solution File, Format Version 12.00
# Visual Studio Version 17
VisualStudioVersion = 17.5.33530.505
MinimumVisualStudioVersion = 10.0.40219.1
Project("{2150E333-8FDC-42A3-9474-1A3956D46DE8}") = "Microservices", "Microservices", "{0C46E42E-2363-46AF-9BFC-10F52DCC175E}"
EndProject
Project("{2150E333-8FDC-42A3-9474-1A3956D46DE8}") = "BrandManagement", "BrandManagement", "{053645FF-F566-4004-8F44-E5C9D2B304E7}"
EndProject
Project("{9A19103F-16F7-4668-BE54-9A1E7A4F7556}") = "SNM.BrandManagement.Application", "BrandManagement\Core\BrandManagement.Application\SNM.BrandManagement.Application.csproj", "{ED7516EE-1CDC-42E9-B432-1B3BE92143A6}"
EndProject
Project("{9A19103F-16F7-4668-BE54-9A1E7A4F7556}") = "SNM.BrandManagement.Domain", "BrandManagement\Core\BrandManagement.Domain\SNM.BrandManagement.Domain.csproj", "{C6B0C250-1C4D-42DD-A7FC-AAEAA7C801C8}"
EndProject
Project("{9A19103F-16F7-4668-BE54-9A1E7A4F7556}") = "SNM.BrandManagement.Infrastructure", "BrandManagement\External\BrandManagement.Infrastructure\SNM.BrandManagement.Infrastructure.csproj", "{E8840A98-B59F-450E-AAB5-9DE83ED4467E}"
EndProject
Project("{9A19103F-16F7-4668-BE54-9A1E7A4F7556}") = "SNM.BrandManagement.Presentation", "BrandManagement\External\BrandManagement.Presentation\SNM.BrandManagement.Presentation.csproj", "{A04B756D-07E0-4AE8-A886-F337F52ADFC5}"
EndProject
Project("{2150E333-8FDC-42A3-9474-1A3956D46DE8}") = "Facebook", "Facebook", "{09EBE5CC-2330-4B02-A915-1AE08948E8DC}"
EndProject
Project("{9A19103F-16F7-4668-BE54-9A1E7A4F7556}") = "SNS.Facebook.Application", "Facebook\Core\Facebook.Application\SNS.Facebook.Application.csproj", "{70511CC9-3413-4A79-B495-440A83A78497}"
EndProject
Project("{9A19103F-16F7-4668-BE54-9A1E7A4F7556}") = "SNS.Facebook.Domain", "Facebook\Core\Facebook.Domain\SNS.Facebook.Domain.csproj", "{298EEC3A-809A-479A-9710-4C068F58B387}"
EndProject
Project("{9A19103F-16F7-4668-BE54-9A1E7A4F7556}") = "SNS.Facebook.Infrastructure", "Facebook\External\Facebook.Infrastructure\SNS.Facebook.Infrastructure.csproj", "{3A9BC598-ACC9-40F1-907A-37838769A30A}"
EndProject
Project("{9A19103F-16F7-4668-BE54-9A1E7A4F7556}") = "SNS.Facebook.Presentation", "Facebook\External\Facebook.Presentation\SNS.Facebook.Presentation.csproj", "{D5C3C875-ED36-47C7-9B2B-348F7C945EB7}"
EndProject
Project("{2150E333-8FDC-42A3-9474-1A3956D46DE8}") = "Instagram", "Instagram", "{542EC2F7-33A3-42EC-83AF-8165E6B6440A}"
EndProject
Project("{9A19103F-16F7-4668-BE54-9A1E7A4F7556}") = "SNM.Instagram.Application", "Instagram\Core\Instagram.Application\SNM.Instagram.Application.csproj", "{BE9ACA7E-98A3-461C-97FB-2B08BCAB17CC}"
EndProject
Project("{9A19103F-16F7-4668-BE54-9A1E7A4F7556}") = "SNM.Instagram.Domain", "Instagram\Core\Instagram.Domain\SNM.Instagram.Domain.csproj", "{6398FC7D-B699-4E7C-9050-95FE82496980}"
EndProject
Project("{9A19103F-16F7-4668-BE54-9A1E7A4F7556}") = "SNM.Instagram.Presentation", "Instagram\External\Instagram.Presentation\SNM.Instagram.Presentation.csproj", "{ED1F91BB-3423-4AF8-913A-35A0C27819E9}"
EndProject
Project("{9A19103F-16F7-4668-BE54-9A1E7A4F7556}") = "SNM.Instagram.Infrastructure", "Instagram\External\Instagram.Infrastructure\SNM.Instagram.Infrastructure.csproj", "{BB8B21F1-75B6-48B1-9C0D-F7CBE7EB3ED6}"
EndProject
Project("{2150E333-8FDC-42A3-9474-1A3956D46DE8}") = "LinkedIn", "LinkedIn", "{91D34D0A-74D2-49DE-BD0E-653EF33D045B}"
EndProject
Project("{9A19103F-16F7-4668-BE54-9A1E7A4F7556}") = "SNM.LinkedIn.Application", "LinkedIn\Core\LinkedIn.Application\SNM.LinkedIn.Application.csproj", "{1FCFB4B9-57A2-417E-A75C-5EEE774CBE73}"
EndProject
Project("{9A19103F-16F7-4668-BE54-9A1E7A4F7556}") = "SNM.LinkedIn.Domain", "LinkedIn\Core\LinkedIn.Domain\SNM.LinkedIn.Domain.csproj", "{33B41C53-A558-4E76-8EE8-4D9764698CC2}"
EndProject
Project("{9A19103F-16F7-4668-BE54-9A1E7A4F7556}") = "SNM.LinkedIn.Infrastructure", "LinkedIn\External\LinkedIn.Infrastructure\SNM.LinkedIn.Infrastructure.csproj", "{C673D687-A990-4CF2-960F-B3D391D71FC3}"
EndProject
Project("{9A19103F-16F7-4668-BE54-9A1E7A4F7556}") = "SNM.LinkedIn.Presentation", "LinkedIn\External\LinkedIn.Presentation\SNM.LinkedIn.Presentation.csproj", "{A77FFF29-86CC-420D-AE6F-74E9C52A5D36}"
EndProject
Project("{2150E333-8FDC-42A3-9474-1A3956D46DE8}") = "Twitter", "Twitter", "{44363278-9228-48EC-8316-51EA373C1507}"
EndProject
Project("{9A19103F-16F7-4668-BE54-9A1E7A4F7556}") = "SNM.Twitter.Application", "SNM.Twitter\Core\SNM.Twitter.Application\SNM.Twitter.Application.csproj", "{15D10E3D-0B4F-4FAB-93C4-F297489C4B42}"
EndProject
Project("{9A19103F-16F7-4668-BE54-9A1E7A4F7556}") = "SNM.Twitter.Domain", "SNM.Twitter\Core\SNM.Twitter.Domain\SNM.Twitter.Domain.csproj", "{D0BE8BB5-29F0-44FA-8AF7-66100E013DCF}"
EndProject
Project("{9A19103F-16F7-4668-BE54-9A1E7A4F7556}") = "SNM.Twitter.Presentation", "SNM.Twitter\External\SNM.Twitter.Presentation\SNM.Twitter.Presentation.csproj", "{6E607C38-A549-414D-B611-F10053025CC3}"
EndProject
Project("{9A19103F-16F7-4668-BE54-9A1E7A4F7556}") = "SNM.Twitter.Infrastructure", "SNM.Twitter\External\SNM.Twitter.Infrastructure\SNM.Twitter.Infrastructure.csproj", "{8A9C3C42-BA9C-4BC3-9846-A837C42DB7F4}"
EndProject
Project("{2150E333-8FDC-42A3-9474-1A3956D46DE8}") = "AuthAPI", "AuthAPI", "{D1CBBE9E-256D-480B-9751-7F832B4513B4}"
EndProject
Project("{9A19103F-16F7-4668-BE54-9A1E7A4F7556}") = "AuthAPI", "AuthAPI\AuthAPI.csproj", "{69992619-FD62-44A0-B6E9-1E546000764B}"
EndProject
Project("{2150E333-8FDC-42A3-9474-1A3956D46DE8}") = "Gateway", "Gateway", "{53EAA992-5482-4E1A-B88F-FDEAC9DD74DC}"
EndProject
Project("{9A19103F-16F7-4668-BE54-9A1E7A4F7556}") = "Gateway.WebApi", "Gateway.WebApi\Gateway.WebApi.csproj", "{E5B9C1C3-5085-4364-8B43-47009066D229}"
EndProject
Project("{9A19103F-16F7-4668-BE54-9A1E7A4F7556}") = "SNM.Publishing.Aggregator", "SNM.Publishing.Aggregator\SNM.Publishing.Aggregator.csproj", "{9D5C14BE-17E5-487E-9C34-8E1D382F059F}"
EndProject
Project("{9A19103F-16F7-4668-BE54-9A1E7A4F7556}") = "JobTimers", "JobTimers\JobTimers.csproj", "{736C511E-737A-4CFD-9F79-6C4B618F09FE}"
EndProject
Global
	GlobalSection(SolutionConfigurationPlatforms) = preSolution
		Debug|Any CPU = Debug|Any CPU
		Release|Any CPU = Release|Any CPU
	EndGlobalSection
	GlobalSection(ProjectConfigurationPlatforms) = postSolution
		{ED7516EE-1CDC-42E9-B432-1B3BE92143A6}.Debug|Any CPU.ActiveCfg = Debug|Any CPU
		{ED7516EE-1CDC-42E9-B432-1B3BE92143A6}.Debug|Any CPU.Build.0 = Debug|Any CPU
		{ED7516EE-1CDC-42E9-B432-1B3BE92143A6}.Release|Any CPU.ActiveCfg = Release|Any CPU
		{ED7516EE-1CDC-42E9-B432-1B3BE92143A6}.Release|Any CPU.Build.0 = Release|Any CPU
		{C6B0C250-1C4D-42DD-A7FC-AAEAA7C801C8}.Debug|Any CPU.ActiveCfg = Debug|Any CPU
		{C6B0C250-1C4D-42DD-A7FC-AAEAA7C801C8}.Debug|Any CPU.Build.0 = Debug|Any CPU
		{C6B0C250-1C4D-42DD-A7FC-AAEAA7C801C8}.Release|Any CPU.ActiveCfg = Release|Any CPU
		{C6B0C250-1C4D-42DD-A7FC-AAEAA7C801C8}.Release|Any CPU.Build.0 = Release|Any CPU
		{E8840A98-B59F-450E-AAB5-9DE83ED4467E}.Debug|Any CPU.ActiveCfg = Debug|Any CPU
		{E8840A98-B59F-450E-AAB5-9DE83ED4467E}.Debug|Any CPU.Build.0 = Debug|Any CPU
		{E8840A98-B59F-450E-AAB5-9DE83ED4467E}.Release|Any CPU.ActiveCfg = Release|Any CPU
		{E8840A98-B59F-450E-AAB5-9DE83ED4467E}.Release|Any CPU.Build.0 = Release|Any CPU
		{A04B756D-07E0-4AE8-A886-F337F52ADFC5}.Debug|Any CPU.ActiveCfg = Debug|Any CPU
		{A04B756D-07E0-4AE8-A886-F337F52ADFC5}.Debug|Any CPU.Build.0 = Debug|Any CPU
		{A04B756D-07E0-4AE8-A886-F337F52ADFC5}.Release|Any CPU.ActiveCfg = Release|Any CPU
		{A04B756D-07E0-4AE8-A886-F337F52ADFC5}.Release|Any CPU.Build.0 = Release|Any CPU
		{70511CC9-3413-4A79-B495-440A83A78497}.Debug|Any CPU.ActiveCfg = Debug|Any CPU
		{70511CC9-3413-4A79-B495-440A83A78497}.Debug|Any CPU.Build.0 = Debug|Any CPU
		{70511CC9-3413-4A79-B495-440A83A78497}.Release|Any CPU.ActiveCfg = Release|Any CPU
		{70511CC9-3413-4A79-B495-440A83A78497}.Release|Any CPU.Build.0 = Release|Any CPU
		{298EEC3A-809A-479A-9710-4C068F58B387}.Debug|Any CPU.ActiveCfg = Debug|Any CPU
		{298EEC3A-809A-479A-9710-4C068F58B387}.Debug|Any CPU.Build.0 = Debug|Any CPU
		{298EEC3A-809A-479A-9710-4C068F58B387}.Release|Any CPU.ActiveCfg = Release|Any CPU
		{298EEC3A-809A-479A-9710-4C068F58B387}.Release|Any CPU.Build.0 = Release|Any CPU
		{3A9BC598-ACC9-40F1-907A-37838769A30A}.Debug|Any CPU.ActiveCfg = Debug|Any CPU
		{3A9BC598-ACC9-40F1-907A-37838769A30A}.Debug|Any CPU.Build.0 = Debug|Any CPU
		{3A9BC598-ACC9-40F1-907A-37838769A30A}.Release|Any CPU.ActiveCfg = Release|Any CPU
		{3A9BC598-ACC9-40F1-907A-37838769A30A}.Release|Any CPU.Build.0 = Release|Any CPU
		{D5C3C875-ED36-47C7-9B2B-348F7C945EB7}.Debug|Any CPU.ActiveCfg = Debug|Any CPU
		{D5C3C875-ED36-47C7-9B2B-348F7C945EB7}.Debug|Any CPU.Build.0 = Debug|Any CPU
		{D5C3C875-ED36-47C7-9B2B-348F7C945EB7}.Release|Any CPU.ActiveCfg = Release|Any CPU
		{D5C3C875-ED36-47C7-9B2B-348F7C945EB7}.Release|Any CPU.Build.0 = Release|Any CPU
		{BE9ACA7E-98A3-461C-97FB-2B08BCAB17CC}.Debug|Any CPU.ActiveCfg = Debug|Any CPU
		{BE9ACA7E-98A3-461C-97FB-2B08BCAB17CC}.Debug|Any CPU.Build.0 = Debug|Any CPU
		{BE9ACA7E-98A3-461C-97FB-2B08BCAB17CC}.Release|Any CPU.ActiveCfg = Release|Any CPU
		{BE9ACA7E-98A3-461C-97FB-2B08BCAB17CC}.Release|Any CPU.Build.0 = Release|Any CPU
		{6398FC7D-B699-4E7C-9050-95FE82496980}.Debug|Any CPU.ActiveCfg = Debug|Any CPU
		{6398FC7D-B699-4E7C-9050-95FE82496980}.Debug|Any CPU.Build.0 = Debug|Any CPU
		{6398FC7D-B699-4E7C-9050-95FE82496980}.Release|Any CPU.ActiveCfg = Release|Any CPU
		{6398FC7D-B699-4E7C-9050-95FE82496980}.Release|Any CPU.Build.0 = Release|Any CPU
		{ED1F91BB-3423-4AF8-913A-35A0C27819E9}.Debug|Any CPU.ActiveCfg = Debug|Any CPU
		{ED1F91BB-3423-4AF8-913A-35A0C27819E9}.Debug|Any CPU.Build.0 = Debug|Any CPU
		{ED1F91BB-3423-4AF8-913A-35A0C27819E9}.Release|Any CPU.ActiveCfg = Release|Any CPU
		{ED1F91BB-3423-4AF8-913A-35A0C27819E9}.Release|Any CPU.Build.0 = Release|Any CPU
		{BB8B21F1-75B6-48B1-9C0D-F7CBE7EB3ED6}.Debug|Any CPU.ActiveCfg = Debug|Any CPU
		{BB8B21F1-75B6-48B1-9C0D-F7CBE7EB3ED6}.Debug|Any CPU.Build.0 = Debug|Any CPU
		{BB8B21F1-75B6-48B1-9C0D-F7CBE7EB3ED6}.Release|Any CPU.ActiveCfg = Release|Any CPU
		{BB8B21F1-75B6-48B1-9C0D-F7CBE7EB3ED6}.Release|Any CPU.Build.0 = Release|Any CPU
		{1FCFB4B9-57A2-417E-A75C-5EEE774CBE73}.Debug|Any CPU.ActiveCfg = Debug|Any CPU
		{1FCFB4B9-57A2-417E-A75C-5EEE774CBE73}.Debug|Any CPU.Build.0 = Debug|Any CPU
		{1FCFB4B9-57A2-417E-A75C-5EEE774CBE73}.Release|Any CPU.ActiveCfg = Release|Any CPU
		{1FCFB4B9-57A2-417E-A75C-5EEE774CBE73}.Release|Any CPU.Build.0 = Release|Any CPU
		{33B41C53-A558-4E76-8EE8-4D9764698CC2}.Debug|Any CPU.ActiveCfg = Debug|Any CPU
		{33B41C53-A558-4E76-8EE8-4D9764698CC2}.Debug|Any CPU.Build.0 = Debug|Any CPU
		{33B41C53-A558-4E76-8EE8-4D9764698CC2}.Release|Any CPU.ActiveCfg = Release|Any CPU
		{33B41C53-A558-4E76-8EE8-4D9764698CC2}.Release|Any CPU.Build.0 = Release|Any CPU
		{C673D687-A990-4CF2-960F-B3D391D71FC3}.Debug|Any CPU.ActiveCfg = Debug|Any CPU
		{C673D687-A990-4CF2-960F-B3D391D71FC3}.Debug|Any CPU.Build.0 = Debug|Any CPU
		{C673D687-A990-4CF2-960F-B3D391D71FC3}.Release|Any CPU.ActiveCfg = Release|Any CPU
		{C673D687-A990-4CF2-960F-B3D391D71FC3}.Release|Any CPU.Build.0 = Release|Any CPU
		{A77FFF29-86CC-420D-AE6F-74E9C52A5D36}.Debug|Any CPU.ActiveCfg = Debug|Any CPU
		{A77FFF29-86CC-420D-AE6F-74E9C52A5D36}.Debug|Any CPU.Build.0 = Debug|Any CPU
		{A77FFF29-86CC-420D-AE6F-74E9C52A5D36}.Release|Any CPU.ActiveCfg = Release|Any CPU
		{A77FFF29-86CC-420D-AE6F-74E9C52A5D36}.Release|Any CPU.Build.0 = Release|Any CPU
		{15D10E3D-0B4F-4FAB-93C4-F297489C4B42}.Debug|Any CPU.ActiveCfg = Debug|Any CPU
		{15D10E3D-0B4F-4FAB-93C4-F297489C4B42}.Debug|Any CPU.Build.0 = Debug|Any CPU
		{15D10E3D-0B4F-4FAB-93C4-F297489C4B42}.Release|Any CPU.ActiveCfg = Release|Any CPU
		{15D10E3D-0B4F-4FAB-93C4-F297489C4B42}.Release|Any CPU.Build.0 = Release|Any CPU
		{D0BE8BB5-29F0-44FA-8AF7-66100E013DCF}.Debug|Any CPU.ActiveCfg = Debug|Any CPU
		{D0BE8BB5-29F0-44FA-8AF7-66100E013DCF}.Debug|Any CPU.Build.0 = Debug|Any CPU
		{D0BE8BB5-29F0-44FA-8AF7-66100E013DCF}.Release|Any CPU.ActiveCfg = Release|Any CPU
		{D0BE8BB5-29F0-44FA-8AF7-66100E013DCF}.Release|Any CPU.Build.0 = Release|Any CPU
		{6E607C38-A549-414D-B611-F10053025CC3}.Debug|Any CPU.ActiveCfg = Debug|Any CPU
		{6E607C38-A549-414D-B611-F10053025CC3}.Debug|Any CPU.Build.0 = Debug|Any CPU
		{6E607C38-A549-414D-B611-F10053025CC3}.Release|Any CPU.ActiveCfg = Release|Any CPU
		{6E607C38-A549-414D-B611-F10053025CC3}.Release|Any CPU.Build.0 = Release|Any CPU
		{8A9C3C42-BA9C-4BC3-9846-A837C42DB7F4}.Debug|Any CPU.ActiveCfg = Debug|Any CPU
		{8A9C3C42-BA9C-4BC3-9846-A837C42DB7F4}.Debug|Any CPU.Build.0 = Debug|Any CPU
		{8A9C3C42-BA9C-4BC3-9846-A837C42DB7F4}.Release|Any CPU.ActiveCfg = Release|Any CPU
		{8A9C3C42-BA9C-4BC3-9846-A837C42DB7F4}.Release|Any CPU.Build.0 = Release|Any CPU
		{69992619-FD62-44A0-B6E9-1E546000764B}.Debug|Any CPU.ActiveCfg = Debug|Any CPU
		{69992619-FD62-44A0-B6E9-1E546000764B}.Debug|Any CPU.Build.0 = Debug|Any CPU
		{69992619-FD62-44A0-B6E9-1E546000764B}.Release|Any CPU.ActiveCfg = Release|Any CPU
		{69992619-FD62-44A0-B6E9-1E546000764B}.Release|Any CPU.Build.0 = Release|Any CPU
		{E5B9C1C3-5085-4364-8B43-47009066D229}.Debug|Any CPU.ActiveCfg = Debug|Any CPU
		{E5B9C1C3-5085-4364-8B43-47009066D229}.Debug|Any CPU.Build.0 = Debug|Any CPU
		{E5B9C1C3-5085-4364-8B43-47009066D229}.Release|Any CPU.ActiveCfg = Release|Any CPU
		{E5B9C1C3-5085-4364-8B43-47009066D229}.Release|Any CPU.Build.0 = Release|Any CPU
		{9D5C14BE-17E5-487E-9C34-8E1D382F059F}.Debug|Any CPU.ActiveCfg = Debug|Any CPU
		{9D5C14BE-17E5-487E-9C34-8E1D382F059F}.Debug|Any CPU.Build.0 = Debug|Any CPU
		{9D5C14BE-17E5-487E-9C34-8E1D382F059F}.Release|Any CPU.ActiveCfg = Release|Any CPU
		{9D5C14BE-17E5-487E-9C34-8E1D382F059F}.Release|Any CPU.Build.0 = Release|Any CPU
		{736C511E-737A-4CFD-9F79-6C4B618F09FE}.Debug|Any CPU.ActiveCfg = Debug|Any CPU
		{736C511E-737A-4CFD-9F79-6C4B618F09FE}.Debug|Any CPU.Build.0 = Debug|Any CPU
		{736C511E-737A-4CFD-9F79-6C4B618F09FE}.Release|Any CPU.ActiveCfg = Release|Any CPU
		{736C511E-737A-4CFD-9F79-6C4B618F09FE}.Release|Any CPU.Build.0 = Release|Any CPU
	EndGlobalSection
	GlobalSection(SolutionProperties) = preSolution
		HideSolutionNode = FALSE
	EndGlobalSection
	GlobalSection(NestedProjects) = preSolution
		{053645FF-F566-4004-8F44-E5C9D2B304E7} = {0C46E42E-2363-46AF-9BFC-10F52DCC175E}
		{ED7516EE-1CDC-42E9-B432-1B3BE92143A6} = {053645FF-F566-4004-8F44-E5C9D2B304E7}
		{C6B0C250-1C4D-42DD-A7FC-AAEAA7C801C8} = {053645FF-F566-4004-8F44-E5C9D2B304E7}
		{E8840A98-B59F-450E-AAB5-9DE83ED4467E} = {053645FF-F566-4004-8F44-E5C9D2B304E7}
		{A04B756D-07E0-4AE8-A886-F337F52ADFC5} = {053645FF-F566-4004-8F44-E5C9D2B304E7}
		{09EBE5CC-2330-4B02-A915-1AE08948E8DC} = {0C46E42E-2363-46AF-9BFC-10F52DCC175E}
		{70511CC9-3413-4A79-B495-440A83A78497} = {09EBE5CC-2330-4B02-A915-1AE08948E8DC}
		{298EEC3A-809A-479A-9710-4C068F58B387} = {09EBE5CC-2330-4B02-A915-1AE08948E8DC}
		{3A9BC598-ACC9-40F1-907A-37838769A30A} = {09EBE5CC-2330-4B02-A915-1AE08948E8DC}
		{D5C3C875-ED36-47C7-9B2B-348F7C945EB7} = {09EBE5CC-2330-4B02-A915-1AE08948E8DC}
		{542EC2F7-33A3-42EC-83AF-8165E6B6440A} = {0C46E42E-2363-46AF-9BFC-10F52DCC175E}
		{BE9ACA7E-98A3-461C-97FB-2B08BCAB17CC} = {542EC2F7-33A3-42EC-83AF-8165E6B6440A}
		{6398FC7D-B699-4E7C-9050-95FE82496980} = {542EC2F7-33A3-42EC-83AF-8165E6B6440A}
		{ED1F91BB-3423-4AF8-913A-35A0C27819E9} = {542EC2F7-33A3-42EC-83AF-8165E6B6440A}
		{BB8B21F1-75B6-48B1-9C0D-F7CBE7EB3ED6} = {542EC2F7-33A3-42EC-83AF-8165E6B6440A}
		{91D34D0A-74D2-49DE-BD0E-653EF33D045B} = {0C46E42E-2363-46AF-9BFC-10F52DCC175E}
		{1FCFB4B9-57A2-417E-A75C-5EEE774CBE73} = {91D34D0A-74D2-49DE-BD0E-653EF33D045B}
		{33B41C53-A558-4E76-8EE8-4D9764698CC2} = {91D34D0A-74D2-49DE-BD0E-653EF33D045B}
		{C673D687-A990-4CF2-960F-B3D391D71FC3} = {91D34D0A-74D2-49DE-BD0E-653EF33D045B}
		{A77FFF29-86CC-420D-AE6F-74E9C52A5D36} = {91D34D0A-74D2-49DE-BD0E-653EF33D045B}
		{44363278-9228-48EC-8316-51EA373C1507} = {0C46E42E-2363-46AF-9BFC-10F52DCC175E}
		{15D10E3D-0B4F-4FAB-93C4-F297489C4B42} = {44363278-9228-48EC-8316-51EA373C1507}
		{D0BE8BB5-29F0-44FA-8AF7-66100E013DCF} = {44363278-9228-48EC-8316-51EA373C1507}
		{6E607C38-A549-414D-B611-F10053025CC3} = {44363278-9228-48EC-8316-51EA373C1507}
		{8A9C3C42-BA9C-4BC3-9846-A837C42DB7F4} = {44363278-9228-48EC-8316-51EA373C1507}
		{D1CBBE9E-256D-480B-9751-7F832B4513B4} = {0C46E42E-2363-46AF-9BFC-10F52DCC175E}
		{69992619-FD62-44A0-B6E9-1E546000764B} = {D1CBBE9E-256D-480B-9751-7F832B4513B4}
		{E5B9C1C3-5085-4364-8B43-47009066D229} = {53EAA992-5482-4E1A-B88F-FDEAC9DD74DC}
		{9D5C14BE-17E5-487E-9C34-8E1D382F059F} = {53EAA992-5482-4E1A-B88F-FDEAC9DD74DC}
		{736C511E-737A-4CFD-9F79-6C4B618F09FE} = {0C46E42E-2363-46AF-9BFC-10F52DCC175E}
	EndGlobalSection
	GlobalSection(ExtensibilityGlobals) = postSolution
		SolutionGuid = {FEB93860-0579-4B1E-A6C3-7913487EEE65}
	EndGlobalSection
EndGlobal
